PODS:
  - Alamofire (5.5.0)
  - lottie-ios (3.3.0)

DEPENDENCIES:
  - Alamofire (~> 5.5)
  - lottie-ios

SPEC REPOS:
  trunk:
    - Alamofire
    - lottie-ios

SPEC CHECKSUMS:
  Alamofire: 1c4fb5369c3fe93d2857c780d8bbe09f06f97e7c
  lottie-ios: 6ac74dcc09904798f59b18cb3075c089d76be9ae

PODFILE CHECKSUM: 157bba4bcb268b6bfeface0336b61f4fa58df716

COCOAPODS: 1.11.2
